
Microsoft Visual Studio Solution File, Format Version 12.00
# Visual Studio Version 16
VisualStudioVersion = 16.6.30114.105
MinimumVisualStudioVersion = 10.0.40219.1
Project("{FAE04EC0-301F-11D3-BF4B-00C04F79EFBC}") = "PaymentContext.Domain", "PaymentContext.Domain\PaymentContext.Domain.csproj", "{29B032C9-E69D-48FD-9153-06460AE91711}"
EndProject
Project("{FAE04EC0-301F-11D3-BF4B-00C04F79EFBC}") = "PaymentContext.Shared", "PaymentContext.Shared\PaymentContext.Shared.csproj", "{0FAC2FEA-FFE8-41DD-9AF5-92EEA86A1778}"
EndProject
Project("{FAE04EC0-301F-11D3-BF4B-00C04F79EFBC}") = "PaymentContext.Tests", "PaymentContext.Tests\PaymentContext.Tests.csproj", "{E63EEB44-49AB-46AE-B48B-A04E77A2A12E}"
EndProject
Global
	GlobalSection(SolutionConfigurationPlatforms) = preSolution
		Debug|Any CPU = Debug|Any CPU
		Debug|x64 = Debug|x64
		Debug|x86 = Debug|x86
		Release|Any CPU = Release|Any CPU
		Release|x64 = Release|x64
		Release|x86 = Release|x86
	EndGlobalSection
	GlobalSection(SolutionProperties) = preSolution
		HideSolutionNode = FALSE
	EndGlobalSection
	GlobalSection(ProjectConfigurationPlatforms) = postSolution
		{29B032C9-E69D-48FD-9153-06460AE91711}.Debug|Any CPU.ActiveCfg = Debug|Any CPU
		{29B032C9-E69D-48FD-9153-06460AE91711}.Debug|Any CPU.Build.0 = Debug|Any CPU
		{29B032C9-E69D-48FD-9153-06460AE91711}.Debug|x64.ActiveCfg = Debug|Any CPU
		{29B032C9-E69D-48FD-9153-06460AE91711}.Debug|x64.Build.0 = Debug|Any CPU
		{29B032C9-E69D-48FD-9153-06460AE91711}.Debug|x86.ActiveCfg = Debug|Any CPU
		{29B032C9-E69D-48FD-9153-06460AE91711}.Debug|x86.Build.0 = Debug|Any CPU
		{29B032C9-E69D-48FD-9153-06460AE91711}.Release|Any CPU.ActiveCfg = Release|Any CPU
		{29B032C9-E69D-48FD-9153-06460AE91711}.Release|Any CPU.Build.0 = Release|Any CPU
		{29B032C9-E69D-48FD-9153-06460AE91711}.Release|x64.ActiveCfg = Release|Any CPU
		{29B032C9-E69D-48FD-9153-06460AE91711}.Release|x64.Build.0 = Release|Any CPU
		{29B032C9-E69D-48FD-9153-06460AE91711}.Release|x86.ActiveCfg = Release|Any CPU
		{29B032C9-E69D-48FD-9153-06460AE91711}.Release|x86.Build.0 = Release|Any CPU
		{0FAC2FEA-FFE8-41DD-9AF5-92EEA86A1778}.Debug|Any CPU.ActiveCfg = Debug|Any CPU
		{0FAC2FEA-FFE8-41DD-9AF5-92EEA86A1778}.Debug|Any CPU.Build.0 = Debug|Any CPU
		{0FAC2FEA-FFE8-41DD-9AF5-92EEA86A1778}.Debug|x64.ActiveCfg = Debug|Any CPU
		{0FAC2FEA-FFE8-41DD-9AF5-92EEA86A1778}.Debug|x64.Build.0 = Debug|Any CPU
		{0FAC2FEA-FFE8-41DD-9AF5-92EEA86A1778}.Debug|x86.ActiveCfg = Debug|Any CPU
		{0FAC2FEA-FFE8-41DD-9AF5-92EEA86A1778}.Debug|x86.Build.0 = Debug|Any CPU
		{0FAC2FEA-FFE8-41DD-9AF5-92EEA86A1778}.Release|Any CPU.ActiveCfg = Release|Any CPU
		{0FAC2FEA-FFE8-41DD-9AF5-92EEA86A1778}.Release|Any CPU.Build.0 = Release|Any CPU
		{0FAC2FEA-FFE8-41DD-9AF5-92EEA86A1778}.Release|x64.ActiveCfg = Release|Any CPU
		{0FAC2FEA-FFE8-41DD-9AF5-92EEA86A1778}.Release|x64.Build.0 = Release|Any CPU
		{0FAC2FEA-FFE8-41DD-9AF5-92EEA86A1778}.Release|x86.ActiveCfg = Release|Any CPU
		{0FAC2FEA-FFE8-41DD-9AF5-92EEA86A1778}.Release|x86.Build.0 = Release|Any CPU
		{E63EEB44-49AB-46AE-B48B-A04E77A2A12E}.Debug|Any CPU.ActiveCfg = Debug|Any CPU
		{E63EEB44-49AB-46AE-B48B-A04E77A2A12E}.Debug|Any CPU.Build.0 = Debug|Any CPU
		{E63EEB44-49AB-46AE-B48B-A04E77A2A12E}.Debug|x64.ActiveCfg = Debug|Any CPU
		{E63EEB44-49AB-46AE-B48B-A04E77A2A12E}.Debug|x64.Build.0 = Debug|Any CPU
		{E63EEB44-49AB-46AE-B48B-A04E77A2A12E}.Debug|x86.ActiveCfg = Debug|Any CPU
		{E63EEB44-49AB-46AE-B48B-A04E77A2A12E}.Debug|x86.Build.0 = Debug|Any CPU
		{E63EEB44-49AB-46AE-B48B-A04E77A2A12E}.Release|Any CPU.ActiveCfg = Release|Any CPU
		{E63EEB44-49AB-46AE-B48B-A04E77A2A12E}.Release|Any CPU.Build.0 = Release|Any CPU
		{E63EEB44-49AB-46AE-B48B-A04E77A2A12E}.Release|x64.ActiveCfg = Release|Any CPU
		{E63EEB44-49AB-46AE-B48B-A04E77A2A12E}.Release|x64.Build.0 = Release|Any CPU
		{E63EEB44-49AB-46AE-B48B-A04E77A2A12E}.Release|x86.ActiveCfg = Release|Any CPU
		{E63EEB44-49AB-46AE-B48B-A04E77A2A12E}.Release|x86.Build.0 = Release|Any CPU
	EndGlobalSection
EndGlobal
